
Microsoft Visual Studio Solution File, Format Version 12.00
# Visual Studio 14
VisualStudioVersion = 14.0.23107.0
MinimumVisualStudioVersion = 10.0.40219.1
Project("{FAE04EC0-301F-11D3-BF4B-00C04F79EFBC}") = "MVCApplicationWebLayer", "MVCApplicationForTest\MVCApplicationWebLayer.csproj", "{D4A51D05-1CE1-4969-B3DB-1F00314BC0EC}"
EndProject
Project("{FAE04EC0-301F-11D3-BF4B-00C04F79EFBC}") = "MVCApplicationWebLayer.Tests", "MVCApplicationForTest.Tests\MVCApplicationWebLayer.Tests.csproj", "{17D4ADB7-9F5D-4E73-84DA-56A4CAE49D72}"
EndProject
Project("{FAE04EC0-301F-11D3-BF4B-00C04F79EFBC}") = "MVCApplicationServiceLayer", "MVCApplicationServiceLayer\MVCApplicationServiceLayer.csproj", "{F68E6B5A-DCB1-46D3-903B-8EE2F894C78F}"
EndProject
Global
	GlobalSection(SolutionConfigurationPlatforms) = preSolution
		Debug|Any CPU = Debug|Any CPU
		Release|Any CPU = Release|Any CPU
	EndGlobalSection
	GlobalSection(ProjectConfigurationPlatforms) = postSolution
		{D4A51D05-1CE1-4969-B3DB-1F00314BC0EC}.Debug|Any CPU.ActiveCfg = Debug|Any CPU
		{D4A51D05-1CE1-4969-B3DB-1F00314BC0EC}.Debug|Any CPU.Build.0 = Debug|Any CPU
		{D4A51D05-1CE1-4969-B3DB-1F00314BC0EC}.Release|Any CPU.ActiveCfg = Release|Any CPU
		{D4A51D05-1CE1-4969-B3DB-1F00314BC0EC}.Release|Any CPU.Build.0 = Release|Any CPU
		{17D4ADB7-9F5D-4E73-84DA-56A4CAE49D72}.Debug|Any CPU.ActiveCfg = Debug|Any CPU
		{17D4ADB7-9F5D-4E73-84DA-56A4CAE49D72}.Debug|Any CPU.Build.0 = Debug|Any CPU
		{17D4ADB7-9F5D-4E73-84DA-56A4CAE49D72}.Release|Any CPU.ActiveCfg = Release|Any CPU
		{17D4ADB7-9F5D-4E73-84DA-56A4CAE49D72}.Release|Any CPU.Build.0 = Release|Any CPU
		{F68E6B5A-DCB1-46D3-903B-8EE2F894C78F}.Debug|Any CPU.ActiveCfg = Debug|Any CPU
		{F68E6B5A-DCB1-46D3-903B-8EE2F894C78F}.Debug|Any CPU.Build.0 = Debug|Any CPU
		{F68E6B5A-DCB1-46D3-903B-8EE2F894C78F}.Release|Any CPU.ActiveCfg = Release|Any CPU
		{F68E6B5A-DCB1-46D3-903B-8EE2F894C78F}.Release|Any CPU.Build.0 = Release|Any CPU
	EndGlobalSection
	GlobalSection(SolutionProperties) = preSolution
		HideSolutionNode = FALSE
	EndGlobalSection
EndGlobal
